PODS:
  - FindKit (0.0.1):
    - RealmSwift
  - MBProgressHUD (1.1.0)
  - Realm (3.12.0):
    - Realm/Headers (= 3.12.0)
  - Realm/Headers (3.12.0)
  - RealmSwift (3.12.0):
    - Realm (= 3.12.0)
  - Zip (1.1.0)

DEPENDENCIES:
  - FindKit (from `..`)
  - MBProgressHUD
  - RealmSwift
  - Zip

SPEC REPOS:
  https://github.com/cocoapods/specs.git:
    - MBProgressHUD
    - Realm
    - RealmSwift
    - Zip

EXTERNAL SOURCES:
  FindKit:
    :path: ".."

SPEC CHECKSUMS:
  FindKit: 5cf6f07527fa5eb95ab097b2962afbf583eaf334
  MBProgressHUD: e7baa36a220447d8aeb12769bf0585582f3866d9
  Realm: cdaef23c4ddb36ab1ddffed23f5a7f3332fc5585
  RealmSwift: 5576324033f0aa5ef1e0a839a3da2281dff47a7f
  Zip: 8877eede3dda76bcac281225c20e71c25270774c

PODFILE CHECKSUM: 2b41a39c2119ff3de86e59bf99aee95c3fed18d8

COCOAPODS: 1.5.3
